{
  "object": {
    "pins": [
      {
        "package": "Bluetooth",
        "repositoryURL": "https://github.com/PureSwift/Bluetooth.git",
        "state": {
          "branch": null,
          "revision": "2d9e7c6b7f942e29ebd809687a214025b2192567",
          "version": "2.1.3"
        }
      },
      {
        "package": "BluetoothLinux",
        "repositoryURL": "https://github.com/PureSwift/BluetoothLinux.git",
        "state": {
          "branch": null,
          "revision": "74c94f6bb9ee7cd4fd9403d5601c8327f3f12770",
          "version": "3.1.0"
        }
      },
      {
        "package": "GATT",
        "repositoryURL": "https://github.com/PureSwift/GATT",
        "state": {
          "branch": null,
          "revision": "9f94eaeb37df390e3d6b5be4fb627f05af4548e7",
          "version": "1.6.2"
        }
      }
    ]
  },
  "version": 1
}
