{
  "object": {
    "pins": [
      {
        "package": "Bluetooth",
        "repositoryURL": "https://github.com/PureSwift/Bluetooth.git",
        "state": {
          "branch": null,
          "revision": "e3dd044fb61162a3d22885b2da5736986667ea27",
          "version": "2.1.4"
        }
      },
      {
        "package": "BluetoothLinux",
        "repositoryURL": "https://github.com/PureSwift/BluetoothLinux.git",
        "state": {
          "branch": null,
          "revision": "74c94f6bb9ee7cd4fd9403d5601c8327f3f12770",
          "version": "3.1.0"
        }
      },
      {
        "package": "GATT",
        "repositoryURL": "https://github.com/PureSwift/GATT",
        "state": {
          "branch": null,
          "revision": "df0132ffd84a418b70c937b5fbaa788cf27b71a8",
          "version": "1.7.0"
        }
      }
    ]
  },
  "version": 1
}
